// !$*UTF8*$!
{
	archiveVersion = 1;
	classes = {
	};
	objectVersion = 48;
	objects = {

/* Begin PBXBuildFile section */
		83A939911FE6728A00542481 /* SettingsViewController.swift in Sources */ = {isa = PBXBuildFile; fileRef = 83A939901FE6728A00542481 /* SettingsViewController.swift */; };
		83E6E1C71FE5907B003FD178 /* AppDelegate.swift in Sources */ = {isa = PBXBuildFile; fileRef = 83E6E1C61FE5907B003FD178 /* AppDelegate.swift */; };
		83E6E1C91FE5907B003FD178 /* ViewController.swift in Sources */ = {isa = PBXBuildFile; fileRef = 83E6E1C81FE5907B003FD178 /* ViewController.swift */; };
		83E6E1CC1FE5907B003FD178 /* Main.storyboard in Resources */ = {isa = PBXBuildFile; fileRef = 83E6E1CA1FE5907B003FD178 /* Main.storyboard */; };
		83E6E1CE1FE5907B003FD178 /* Assets.xcassets in Resources */ = {isa = PBXBuildFile; fileRef = 83E6E1CD1FE5907B003FD178 /* Assets.xcassets */; };
		83E6E1D11FE5907B003FD178 /* LaunchScreen.storyboard in Resources */ = {isa = PBXBuildFile; fileRef = 83E6E1CF1FE5907B003FD178 /* LaunchScreen.storyboard */; };
		83E6E1DC1FE5907B003FD178 /* tippyTests.swift in Sources */ = {isa = PBXBuildFile; fileRef = 83E6E1DB1FE5907B003FD178 /* tippyTests.swift */; };
		83E6E1E71FE5907B003FD178 /* tippyUITests.swift in Sources */ = {isa = PBXBuildFile; fileRef = 83E6E1E61FE5907B003FD178 /* tippyUITests.swift */; };
/* End PBXBuildFile section */

/* Begin PBXContainerItemProxy section */
		83E6E1D81FE5907B003FD178 /* PBXContainerItemProxy */ = {
			isa = PBXContainerItemProxy;
			containerPortal = 83E6E1BB1FE5907A003FD178 /* Project object */;
			proxyType = 1;
			remoteGlobalIDString = 83E6E1C21FE5907A003FD178;
			remoteInfo = tippy;
		};
		83E6E1E31FE5907B003FD178 /* PBXContainerItemProxy */ = {
			isa = PBXContainerItemProxy;
			containerPortal = 83E6E1BB1FE5907A003FD178 /* Project object */;
			proxyType = 1;
			remoteGlobalIDString = 83E6E1C21FE5907A003FD178;
			remoteInfo = tippy;
		};
/* End PBXContainerItemProxy section */

/* Begin PBXFileReference section */
		83A939901FE6728A00542481 /* SettingsViewController.swift */ = {isa = PBXFileReference; lastKnownFileType = sourcecode.swift; path = SettingsViewController.swift; sourceTree = "<group>"; };
		83E6E1C31FE5907B003FD178 /* tippy.app */ = {isa = PBXFileReference; explicitFileType = wrapper.application; includeInIndex = 0; path = tippy.app; sourceTree = BUILT_PRODUCTS_DIR; };
		83E6E1C61FE5907B003FD178 /* AppDelegate.swift */ = {isa = PBXFileReference; lastKnownFileType = sourcecode.swift; path = AppDelegate.swift; sourceTree = "<group>"; };
		83E6E1C81FE5907B003FD178 /* ViewController.swift */ = {isa = PBXFileReference; lastKnownFileType = sourcecode.swift; path = ViewController.swift; sourceTree = "<group>"; };
		83E6E1CB1FE5907B003FD178 /* Base */ = {isa = PBXFileReference; lastKnownFileType = file.storyboard; name = Base; path = Base.lproj/Main.storyboard; sourceTree = "<group>"; };
		83E6E1CD1FE5907B003FD178 /* Assets.xcassets */ = {isa = PBXFileReference; lastKnownFileType = folder.assetcatalog; path = Assets.xcassets; sourceTree = "<group>"; };
		83E6E1D01FE5907B003FD178 /* Base */ = {isa = PBXFileReference; lastKnownFileType = file.storyboard; name = Base; path = Base.lproj/LaunchScreen.storyboard; sourceTree = "<group>"; };
		83E6E1D21FE5907B003FD178 /* Info.plist */ = {isa = PBXFileReference; lastKnownFileType = text.plist.xml; path = Info.plist; sourceTree = "<group>"; };
		83E6E1D71FE5907B003FD178 /* tippyTests.xctest */ = {isa = PBXFileReference; explicitFileType = wrapper.cfbundle; includeInIndex = 0; path = tippyTests.xctest; sourceTree = BUILT_PRODUCTS_DIR; };
		83E6E1DB1FE5907B003FD178 /* tippyTests.swift */ = {isa = PBXFileReference; lastKnownFileType = sourcecode.swift; path = tippyTests.swift; sourceTree = "<group>"; };
		83E6E1DD1FE5907B003FD178 /* Info.plist */ = {isa = PBXFileReference; lastKnownFileType = text.plist.xml; path = Info.plist; sourceTree = "<group>"; };
		83E6E1E21FE5907B003FD178 /* tippyUITests.xctest */ = {isa = PBXFileReference; explicitFileType = wrapper.cfbundle; includeInIndex = 0; path = tippyUITests.xctest; sourceTree = BUILT_PRODUCTS_DIR; };
		83E6E1E61FE5907B003FD178 /* tippyUITests.swift */ = {isa = PBXFileReference; lastKnownFileType = sourcecode.swift; path = tippyUITests.swift; sourceTree = "<group>"; };
		83E6E1E81FE5907B003FD178 /* Info.plist */ = {isa = PBXFileReference; lastKnownFileType = text.plist.xml; path = Info.plist; sourceTree = "<group>"; };
/* End PBXFileReference section */

/* Begin PBXFrameworksBuildPhase section */
		83E6E1C01FE5907A003FD178 /* Frameworks */ = {
			isa = PBXFrameworksBuildPhase;
			buildActionMask = 2147483647;
			files = (
			);
			runOnlyForDeploymentPostprocessing = 0;
		};
		83E6E1D41FE5907B003FD178 /* Frameworks */ = {
			isa = PBXFrameworksBuildPhase;
			buildActionMask = 2147483647;
			files = (
			);
			runOnlyForDeploymentPostprocessing = 0;
		};
		83E6E1DF1FE5907B003FD178 /* Frameworks */ = {
			isa = PBXFrameworksBuildPhase;
			buildActionMask = 2147483647;
			files = (
			);
			runOnlyForDeploymentPostprocessing = 0;
		};
/* End PBXFrameworksBuildPhase section */

/* Begin PBXGroup section */
		83E6E1BA1FE5907A003FD178 = {
			isa = PBXGroup;
			children = (
				83E6E1C51FE5907B003FD178 /* tippy */,
				83E6E1DA1FE5907B003FD178 /* tippyTests */,
				83E6E1E51FE5907B003FD178 /* tippyUITests */,
				83E6E1C41FE5907B003FD178 /* Products */,
			);
			sourceTree = "<group>";
		};
		83E6E1C41FE5907B003FD178 /* Products */ = {
			isa = PBXGroup;
			children = (
				83E6E1C31FE5907B003FD178 /* tippy.app */,
				83E6E1D71FE5907B003FD178 /* tippyTests.xctest */,
				83E6E1E21FE5907B003FD178 /* tippyUITests.xctest */,
			);
			name = Products;
			sourceTree = "<group>";
		};
		83E6E1C51FE5907B003FD178 /* tippy */ = {
			isa = PBXGroup;
			children = (
				83E6E1C61FE5907B003FD178 /* AppDelegate.swift */,
				83E6E1C81FE5907B003FD178 /* ViewController.swift */,
				83E6E1CA1FE5907B003FD178 /* Main.storyboard */,
				83A939901FE6728A00542481 /* SettingsViewController.swift */,
				83E6E1CD1FE5907B003FD178 /* Assets.xcassets */,
				83E6E1CF1FE5907B003FD178 /* LaunchScreen.storyboard */,
				83E6E1D21FE5907B003FD178 /* Info.plist */,
			);
			path = tippy;
			sourceTree = "<group>";
		};
		83E6E1DA1FE5907B003FD178 /* tippyTests */ = {
			isa = PBXGroup;
			children = (
				83E6E1DB1FE5907B003FD178 /* tippyTests.swift */,
				83E6E1DD1FE5907B003FD178 /* Info.plist */,
			);
			path = tippyTests;
			sourceTree = "<group>";
		};
		83E6E1E51FE5907B003FD178 /* tippyUITests */ = {
			isa = PBXGroup;
			children = (
				83E6E1E61FE5907B003FD178 /* tippyUITests.swift */,
				83E6E1E81FE5907B003FD178 /* Info.plist */,
			);
			path = tippyUITests;
			sourceTree = "<group>";
		};
/* End PBXGroup section */

/* Begin PBXNativeTarget section */
		83E6E1C21FE5907A003FD178 /* tippy */ = {
			isa = PBXNativeTarget;
			buildConfigurationList = 83E6E1EB1FE5907B003FD178 /* Build configuration list for PBXNativeTarget "tippy" */;
			buildPhases = (
				83E6E1BF1FE5907A003FD178 /* Sources */,
				83E6E1C01FE5907A003FD178 /* Frameworks */,
				83E6E1C11FE5907A003FD178 /* Resources */,
			);
			buildRules = (
			);
			dependencies = (
			);
			name = tippy;
			productName = tippy;
			productReference = 83E6E1C31FE5907B003FD178 /* tippy.app */;
			productType = "com.apple.product-type.application";
		};
		83E6E1D61FE5907B003FD178 /* tippyTests */ = {
			isa = PBXNativeTarget;
			buildConfigurationList = 83E6E1EE1FE5907B003FD178 /* Build configuration list for PBXNativeTarget "tippyTests" */;
			buildPhases = (
				83E6E1D31FE5907B003FD178 /* Sources */,
				83E6E1D41FE5907B003FD178 /* Frameworks */,
				83E6E1D51FE5907B003FD178 /* Resources */,
			);
			buildRules = (
			);
			dependencies = (
				83E6E1D91FE5907B003FD178 /* PBXTargetDependency */,
			);
			name = tippyTests;
			productName = tippyTests;
			productReference = 83E6E1D71FE5907B003FD178 /* tippyTests.xctest */;
			productType = "com.apple.product-type.bundle.unit-test";
		};
		83E6E1E11FE5907B003FD178 /* tippyUITests */ = {
			isa = PBXNativeTarget;
			buildConfigurationList = 83E6E1F11FE5907B003FD178 /* Build configuration list for PBXNativeTarget "tippyUITests" */;
			buildPhases = (
				83E6E1DE1FE5907B003FD178 /* Sources */,
				83E6E1DF1FE5907B003FD178 /* Frameworks */,
				83E6E1E01FE5907B003FD178 /* Resources */,
			);
			buildRules = (
			);
			dependencies = (
				83E6E1E41FE5907B003FD178 /* PBXTargetDependency */,
			);
			name = tippyUITests;
			productName = tippyUITests;
			productReference = 83E6E1E21FE5907B003FD178 /* tippyUITests.xctest */;
			productType = "com.apple.product-type.bundle.ui-testing";
		};
/* End PBXNativeTarget section */

/* Begin PBXProject section */
		83E6E1BB1FE5907A003FD178 /* Project object */ = {
			isa = PBXProject;
			attributes = {
				LastSwiftUpdateCheck = 0920;
				LastUpgradeCheck = 0920;
				ORGANIZATIONNAME = "Chris lin";
				TargetAttributes = {
					83E6E1C21FE5907A003FD178 = {
						CreatedOnToolsVersion = 9.2;
						ProvisioningStyle = Automatic;
					};
					83E6E1D61FE5907B003FD178 = {
						CreatedOnToolsVersion = 9.2;
						ProvisioningStyle = Automatic;
						TestTargetID = 83E6E1C21FE5907A003FD178;
					};
					83E6E1E11FE5907B003FD178 = {
						CreatedOnToolsVersion = 9.2;
						ProvisioningStyle = Automatic;
						TestTargetID = 83E6E1C21FE5907A003FD178;
					};
				};
			};
			buildConfigurationList = 83E6E1BE1FE5907A003FD178 /* Build configuration list for PBXProject "tippy" */;
			compatibilityVersion = "Xcode 8.0";
			developmentRegion = en;
			hasScannedForEncodings = 0;
			knownRegions = (
				en,
				Base,
			);
			mainGroup = 83E6E1BA1FE5907A003FD178;
			productRefGroup = 83E6E1C41FE5907B003FD178 /* Products */;
			projectDirPath = "";
			projectRoot = "";
			targets = (
				83E6E1C21FE5907A003FD178 /* tippy */,
				83E6E1D61FE5907B003FD178 /* tippyTests */,
				83E6E1E11FE5907B003FD178 /* tippyUITests */,
			);
		};
/* End PBXProject section */

/* Begin PBXResourcesBuildPhase section */
		83E6E1C11FE5907A003FD178 /* Resources */ = {
			isa = PBXResourcesBuildPhase;
			buildActionMask = 2147483647;
			files = (
				83E6E1D11FE5907B003FD178 /* LaunchScreen.storyboard in Resources */,
				83E6E1CE1FE5907B003FD178 /* Assets.xcassets in Resources */,
				83E6E1CC1FE5907B003FD178 /* Main.storyboard in Resources */,
			);
			runOnlyForDeploymentPostprocessing = 0;
		};
		83E6E1D51FE5907B003FD178 /* Resources */ = {
			isa = PBXResourcesBuildPhase;
			buildActionMask = 2147483647;
			files = (
			);
			runOnlyForDeploymentPostprocessing = 0;
		};
		83E6E1E01FE5907B003FD178 /* Resources */ = {
			isa = PBXResourcesBuildPhase;
			buildActionMask = 2147483647;
			files = (
			);
			runOnlyForDeploymentPostprocessing = 0;
		};
/* End PBXResourcesBuildPhase section */

/* Begin PBXSourcesBuildPhase section */
		83E6E1BF1FE5907A003FD178 /* Sources */ = {
			isa = PBXSourcesBuildPhase;
			buildActionMask = 2147483647;
			files = (
				83E6E1C91FE5907B003FD178 /* ViewController.swift in Sources */,
				83E6E1C71FE5907B003FD178 /* AppDelegate.swift in Sources */,
				83A939911FE6728A00542481 /* SettingsViewController.swift in Sources */,
			);
			runOnlyForDeploymentPostprocessing = 0;
		};
		83E6E1D31FE5907B003FD178 /* Sources */ = {
			isa = PBXSourcesBuildPhase;
			buildActionMask = 2147483647;
			files = (
				83E6E1DC1FE5907B003FD178 /* tippyTests.swift in Sources */,
			);
			runOnlyForDeploymentPostprocessing = 0;
		};
		83E6E1DE1FE5907B003FD178 /* Sources */ = {
			isa = PBXSourcesBuildPhase;
			buildActionMask = 2147483647;
			files = (
				83E6E1E71FE5907B003FD178 /* tippyUITests.swift in Sources */,
			);
			runOnlyForDeploymentPostprocessing = 0;
		};
/* End PBXSourcesBuildPhase section */

/* Begin PBXTargetDependency section */
		83E6E1D91FE5907B003FD178 /* PBXTargetDependency */ = {
			isa = PBXTargetDependency;
			target = 83E6E1C21FE5907A003FD178 /* tippy */;
			targetProxy = 83E6E1D81FE5907B003FD178 /* PBXContainerItemProxy */;
		};
		83E6E1E41FE5907B003FD178 /* PBXTargetDependency */ = {
			isa = PBXTargetDependency;
			target = 83E6E1C21FE5907A003FD178 /* tippy */;
			targetProxy = 83E6E1E31FE5907B003FD178 /* PBXContainerItemProxy */;
		};
/* End PBXTargetDependency section */

/* Begin PBXVariantGroup section */
		83E6E1CA1FE5907B003FD178 /* Main.storyboard */ = {
			isa = PBXVariantGroup;
			children = (
				83E6E1CB1FE5907B003FD178 /* Base */,
			);
			name = Main.storyboard;
			sourceTree = "<group>";
		};
		83E6E1CF1FE5907B003FD178 /* LaunchScreen.storyboard */ = {
			isa = PBXVariantGroup;
			children = (
				83E6E1D01FE5907B003FD178 /* Base */,
			);
			name = LaunchScreen.storyboard;
			sourceTree = "<group>";
		};
/* End PBXVariantGroup section */

/* Begin XCBuildConfiguration section */
		83E6E1E91FE5907B003FD178 /* Debug */ = {
			isa = XCBuildConfiguration;
			buildSettings = {
				ALWAYS_SEARCH_USER_PATHS = NO;
				CLANG_ANALYZER_NONNULL = YES;
				CLANG_ANALYZER_NUMBER_OBJECT_CONVERSION = YES_AGGRESSIVE;
				CLANG_CXX_LANGUAGE_STANDARD = "gnu++14";
				CLANG_CXX_LIBRARY = "libc++";
				CLANG_ENABLE_MODULES = YES;
				CLANG_ENABLE_OBJC_ARC = YES;
				CLANG_WARN_BLOCK_CAPTURE_AUTORELEASING = YES;
				CLANG_WARN_BOOL_CONVERSION = YES;
				CLANG_WARN_COMMA = YES;
				CLANG_WARN_CONSTANT_CONVERSION = YES;
				CLANG_WARN_DIRECT_OBJC_ISA_USAGE = YES_ERROR;
				CLANG_WARN_DOCUMENTATION_COMMENTS = YES;
				CLANG_WARN_EMPTY_BODY = YES;
				CLANG_WARN_ENUM_CONVERSION = YES;
				CLANG_WARN_INFINITE_RECURSION = YES;
				CLANG_WARN_INT_CONVERSION = YES;
				CLANG_WARN_NON_LITERAL_NULL_CONVERSION = YES;
				CLANG_WARN_OBJC_LITERAL_CONVERSION = YES;
				CLANG_WARN_OBJC_ROOT_CLASS = YES_ERROR;
				CLANG_WARN_RANGE_LOOP_ANALYSIS = YES;
				CLANG_WARN_STRICT_PROTOTYPES = YES;
				CLANG_WARN_SUSPICIOUS_MOVE = YES;
				CLANG_WARN_UNGUARDED_AVAILABILITY = YES_AGGRESSIVE;
				CLANG_WARN_UNREACHABLE_CODE = YES;
				CLANG_WARN__DUPLICATE_METHOD_MATCH = YES;
				CODE_SIGN_IDENTITY = "iPhone Developer";
				COPY_PHASE_STRIP = NO;
				DEBUG_INFORMATION_FORMAT = dwarf;
				ENABLE_STRICT_OBJC_MSGSEND = YES;
				ENABLE_TESTABILITY = YES;
				GCC_C_LANGUAGE_STANDARD = gnu11;
				GCC_DYNAMIC_NO_PIC = NO;
				GCC_NO_COMMON_BLOCKS = YES;
				GCC_OPTIMIZATION_LEVEL = 0;
				GCC_PREPROCESSOR_DEFINITIONS = (
					"DEBUG=1",
					"$(inherited)",
				);
				GCC_WARN_64_TO_32_BIT_CONVERSION = YES;
				GCC_WARN_ABOUT_RETURN_TYPE = YES_ERROR;
				GCC_WARN_UNDECLARED_SELECTOR = YES;
				GCC_WARN_UNINITIALIZED_AUTOS = YES_AGGRESSIVE;
				GCC_WARN_UNUSED_FUNCTION = YES;
				GCC_WARN_UNUSED_VARIABLE = YES;
				IPHONEOS_DEPLOYMENT_TARGET = 11.2;
				MTL_ENABLE_DEBUG_INFO = YES;
				ONLY_ACTIVE_ARCH = YES;
				SDKROOT = iphoneos;
				SWIFT_ACTIVE_COMPILATION_CONDITIONS = DEBUG;
				SWIFT_OPTIMIZATION_LEVEL = "-Onone";
			};
			name = Debug;
		};
		83E6E1EA1FE5907B003FD178 /* Release */ = {
			isa = XCBuildConfiguration;
			buildSettings = {
				ALWAYS_SEARCH_USER_PATHS = NO;
				CLANG_ANALYZER_NONNULL = YES;
				CLANG_ANALYZER_NUMBER_OBJECT_CONVERSION = YES_AGGRESSIVE;
				CLANG_CXX_LANGUAGE_STANDARD = "gnu++14";
				CLANG_CXX_LIBRARY = "libc++";
				CLANG_ENABLE_MODULES = YES;
				CLANG_ENABLE_OBJC_ARC = YES;
				CLANG_WARN_BLOCK_CAPTURE_AUTORELEASING = YES;
				CLANG_WARN_BOOL_CONVERSION = YES;
				CLANG_WARN_COMMA = YES;
				CLANG_WARN_CONSTANT_CONVERSION = YES;
				CLANG_WARN_DIRECT_OBJC_ISA_USAGE = YES_ERROR;
				CLANG_WARN_DOCUMENTATION_COMMENTS = YES;
				CLANG_WARN_EMPTY_BODY = YES;
				CLANG_WARN_ENUM_CONVERSION = YES;
				CLANG_WARN_INFINITE_RECURSION = YES;
				CLANG_WARN_INT_CONVERSION = YES;
				CLANG_WARN_NON_LITERAL_NULL_CONVERSION = YES;
				CLANG_WARN_OBJC_LITERAL_CONVERSION = YES;
				CLANG_WARN_OBJC_ROOT_CLASS = YES_ERROR;
				CLANG_WARN_RANGE_LOOP_ANALYSIS = YES;
				CLANG_WARN_STRICT_PROTOTYPES = YES;
				CLANG_WARN_SUSPICIOUS_MOVE = YES;
				CLANG_WARN_UNGUARDED_AVAILABILITY = YES_AGGRESSIVE;
				CLANG_WARN_UNREACHABLE_CODE = YES;
				CLANG_WARN__DUPLICATE_METHOD_MATCH = YES;
				CODE_SIGN_IDENTITY = "iPhone Developer";
				COPY_PHASE_STRIP = NO;
				DEBUG_INFORMATION_FORMAT = "dwarf-with-dsym";
				ENABLE_NS_ASSERTIONS = NO;
				ENABLE_STRICT_OBJC_MSGSEND = YES;
				GCC_C_LANGUAGE_STANDARD = gnu11;
				GCC_NO_COMMON_BLOCKS = YES;
				GCC_WARN_64_TO_32_BIT_CONVERSION = YES;
				GCC_WARN_ABOUT_RETURN_TYPE = YES_ERROR;
				GCC_WARN_UNDECLARED_SELECTOR = YES;
				GCC_WARN_UNINITIALIZED_AUTOS = YES_AGGRESSIVE;
				GCC_WARN_UNUSED_FUNCTION = YES;
				GCC_WARN_UNUSED_VARIABLE = YES;
				IPHONEOS_DEPLOYMENT_TARGET = 11.2;
				MTL_ENABLE_DEBUG_INFO = NO;
				SDKROOT = iphoneos;
				SWIFT_OPTIMIZATION_LEVEL = "-Owholemodule";
				VALIDATE_PRODUCT = YES;
			};
			name = Release;
		};
		83E6E1EC1FE5907B003FD178 /* Debug */ = {
			isa = XCBuildConfiguration;
			buildSettings = {
				ASSETCATALOG_COMPILER_APPICON_NAME = AppIcon;
				CODE_SIGN_STYLE = Automatic;
				INFOPLIST_FILE = tippy/Info.plist;
				LD_RUNPATH_SEARCH_PATHS = "$(inherited) @executable_path/Frameworks";
				PRODUCT_BUNDLE_IDENTIFIER = com.codepath.tippy;
				PRODUCT_NAME = "$(TARGET_NAME)";
				SWIFT_VERSION = 4.0;
				TARGETED_DEVICE_FAMILY = "1,2";
			};
			name = Debug;
		};
		83E6E1ED1FE5907B003FD178 /* Release */ = {
			isa = XCBuildConfiguration;
			buildSettings = {
				ASSETCATALOG_COMPILER_APPICON_NAME = AppIcon;
				CODE_SIGN_STYLE = Automatic;
				INFOPLIST_FILE = tippy/Info.plist;
				LD_RUNPATH_SEARCH_PATHS = "$(inherited) @executable_path/Frameworks";
				PRODUCT_BUNDLE_IDENTIFIER = com.codepath.tippy;
				PRODUCT_NAME = "$(TARGET_NAME)";
				SWIFT_VERSION = 4.0;
				TARGETED_DEVICE_FAMILY = "1,2";
			};
			name = Release;
		};
		83E6E1EF1FE5907B003FD178 /* Debug */ = {
			isa = XCBuildConfiguration;
			buildSettings = {
				ALWAYS_EMBED_SWIFT_STANDARD_LIBRARIES = YES;
				BUNDLE_LOADER = "$(TEST_HOST)";
				CODE_SIGN_STYLE = Automatic;
				INFOPLIST_FILE = tippyTests/Info.plist;
				LD_RUNPATH_SEARCH_PATHS = "$(inherited) @executable_path/Frameworks @loader_path/Frameworks";
				PRODUCT_BUNDLE_IDENTIFIER = com.codepath.tippyTests;
				PRODUCT_NAME = "$(TARGET_NAME)";
				SWIFT_VERSION = 4.0;
				TARGETED_DEVICE_FAMILY = "1,2";
				TEST_HOST = "$(BUILT_PRODUCTS_DIR)/tippy.app/tippy";
			};
			name = Debug;
		};
		83E6E1F01FE5907B003FD178 /* Release */ = {
			isa = XCBuildConfiguration;
			buildSettings = {
				ALWAYS_EMBED_SWIFT_STANDARD_LIBRARIES = YES;
				BUNDLE_LOADER = "$(TEST_HOST)";
				CODE_SIGN_STYLE = Automatic;
				INFOPLIST_FILE = tippyTests/Info.plist;
				LD_RUNPATH_SEARCH_PATHS = "$(inherited) @executable_path/Frameworks @loader_path/Frameworks";
				PRODUCT_BUNDLE_IDENTIFIER = com.codepath.tippyTests;
				PRODUCT_NAME = "$(TARGET_NAME)";
				SWIFT_VERSION = 4.0;
				TARGETED_DEVICE_FAMILY = "1,2";
				TEST_HOST = "$(BUILT_PRODUCTS_DIR)/tippy.app/tippy";
			};
			name = Release;
		};
		83E6E1F21FE5907B003FD178 /* Debug */ = {
			isa = XCBuildConfiguration;
			buildSettings = {
				ALWAYS_EMBED_SWIFT_STANDARD_LIBRARIES = YES;
				CODE_SIGN_STYLE = Automatic;
				INFOPLIST_FILE = tippyUITests/Info.plist;
				LD_RUNPATH_SEARCH_PATHS = "$(inherited) @executable_path/Frameworks @loader_path/Frameworks";
				PRODUCT_BUNDLE_IDENTIFIER = com.codepath.tippyUITests;
				PRODUCT_NAME = "$(TARGET_NAME)";
				SWIFT_VERSION = 4.0;
				TARGETED_DEVICE_FAMILY = "1,2";
				TEST_TARGET_NAME = tippy;
			};
			name = Debug;
		};
		83E6E1F31FE5907B003FD178 /* Release */ = {
			isa = XCBuildConfiguration;
			buildSettings = {
				ALWAYS_EMBED_SWIFT_STANDARD_LIBRARIES = YES;
				CODE_SIGN_STYLE = Automatic;
				INFOPLIST_FILE = tippyUITests/Info.plist;
				LD_RUNPATH_SEARCH_PATHS = "$(inherited) @executable_path/Frameworks @loader_path/Frameworks";
				PRODUCT_BUNDLE_IDENTIFIER = com.codepath.tippyUITests;
				PRODUCT_NAME = "$(TARGET_NAME)";
				SWIFT_VERSION = 4.0;
				TARGETED_DEVICE_FAMILY = "1,2";
				TEST_TARGET_NAME = tippy;
			};
			name = Release;
		};
/* End XCBuildConfiguration section */

/* Begin XCConfigurationList section */
		83E6E1BE1FE5907A003FD178 /* Build configuration list for PBXProject "tippy" */ = {
			isa = XCConfigurationList;
			buildConfigurations = (
				83E6E1E91FE5907B003FD178 /* Debug */,
				83E6E1EA1FE5907B003FD178 /* Release */,
			);
			defaultConfigurationIsVisible = 0;
			defaultConfigurationName = Release;
		};
		83E6E1EB1FE5907B003FD178 /* Build configuration list for PBXNativeTarget "tippy" */ = {
			isa = XCConfigurationList;
			buildConfigurations = (
				83E6E1EC1FE5907B003FD178 /* Debug */,
				83E6E1ED1FE5907B003FD178 /* Release */,
			);
			defaultConfigurationIsVisible = 0;
			defaultConfigurationName = Release;
		};
		83E6E1EE1FE5907B003FD178 /* Build configuration list for PBXNativeTarget "tippyTests" */ = {
			isa = XCConfigurationList;
			buildConfigurations = (
				83E6E1EF1FE5907B003FD178 /* Debug */,
				83E6E1F01FE5907B003FD178 /* Release */,
			);
			defaultConfigurationIsVisible = 0;
			defaultConfigurationName = Release;
		};
		83E6E1F11FE5907B003FD178 /* Build configuration list for PBXNativeTarget "tippyUITests" */ = {
			isa = XCConfigurationList;
			buildConfigurations = (
				83E6E1F21FE5907B003FD178 /* Debug */,
				83E6E1F31FE5907B003FD178 /* Release */,
			);
			defaultConfigurationIsVisible = 0;
			defaultConfigurationName = Release;
		};
/* End XCConfigurationList section */
	};
	rootObject = 83E6E1BB1FE5907A003FD178 /* Project object */;
}
